
Microsoft Visual Studio Solution File, Format Version 12.00
# Visual Studio 15
VisualStudioVersion = 15.0.33801.198
MinimumVisualStudioVersion = 10.0.40219.1
Project("{8BC9CEB8-8B4A-11D0-8D11-00A0C91BC942}") = "ctrlnestedloop1", "ctrlnestedloop1\ctrlnestedloop1.vcxproj", "{5E5CD547-6F9A-4E87-B92F-1354981074C0}"
EndProject
Global
	GlobalSection(SolutionConfigurationPlatforms) = preSolution
		Debug|x64 = Debug|x64
		Debug|x86 = Debug|x86
		Release|x64 = Release|x64
		Release|x86 = Release|x86
	EndGlobalSection
	GlobalSection(ProjectConfigurationPlatforms) = postSolution
		{5E5CD547-6F9A-4E87-B92F-1354981074C0}.Debug|x64.ActiveCfg = Debug|x64
		{5E5CD547-6F9A-4E87-B92F-1354981074C0}.Debug|x64.Build.0 = Debug|x64
		{5E5CD547-6F9A-4E87-B92F-1354981074C0}.Debug|x86.ActiveCfg = Debug|Win32
		{5E5CD547-6F9A-4E87-B92F-1354981074C0}.Debug|x86.Build.0 = Debug|Win32
		{5E5CD547-6F9A-4E87-B92F-1354981074C0}.Release|x64.ActiveCfg = Release|x64
		{5E5CD547-6F9A-4E87-B92F-1354981074C0}.Release|x64.Build.0 = Release|x64
		{5E5CD547-6F9A-4E87-B92F-1354981074C0}.Release|x86.ActiveCfg = Release|Win32
		{5E5CD547-6F9A-4E87-B92F-1354981074C0}.Release|x86.Build.0 = Release|Win32
	EndGlobalSection
	GlobalSection(SolutionProperties) = preSolution
		HideSolutionNode = FALSE
	EndGlobalSection
	GlobalSection(ExtensibilityGlobals) = postSolution
		SolutionGuid = {E3E82872-9AE6-4954-BAB6-FDFCAFACF308}
	EndGlobalSection
EndGlobal
