
Microsoft Visual Studio Solution File, Format Version 12.00
# Visual Studio 15
VisualStudioVersion = 15.0.33801.198
MinimumVisualStudioVersion = 10.0.40219.1
Project("{8BC9CEB8-8B4A-11D0-8D11-00A0C91BC942}") = "char_int01", "char_int01\char_int01.vcxproj", "{30ABD51F-8C5D-484F-A117-665347600684}"
EndProject
Global
	GlobalSection(SolutionConfigurationPlatforms) = preSolution
		Debug|x64 = Debug|x64
		Debug|x86 = Debug|x86
		Release|x64 = Release|x64
		Release|x86 = Release|x86
	EndGlobalSection
	GlobalSection(ProjectConfigurationPlatforms) = postSolution
		{30ABD51F-8C5D-484F-A117-665347600684}.Debug|x64.ActiveCfg = Debug|x64
		{30ABD51F-8C5D-484F-A117-665347600684}.Debug|x64.Build.0 = Debug|x64
		{30ABD51F-8C5D-484F-A117-665347600684}.Debug|x86.ActiveCfg = Debug|Win32
		{30ABD51F-8C5D-484F-A117-665347600684}.Debug|x86.Build.0 = Debug|Win32
		{30ABD51F-8C5D-484F-A117-665347600684}.Release|x64.ActiveCfg = Release|x64
		{30ABD51F-8C5D-484F-A117-665347600684}.Release|x64.Build.0 = Release|x64
		{30ABD51F-8C5D-484F-A117-665347600684}.Release|x86.ActiveCfg = Release|Win32
		{30ABD51F-8C5D-484F-A117-665347600684}.Release|x86.Build.0 = Release|Win32
	EndGlobalSection
	GlobalSection(SolutionProperties) = preSolution
		HideSolutionNode = FALSE
	EndGlobalSection
	GlobalSection(ExtensibilityGlobals) = postSolution
		SolutionGuid = {54BC5303-E460-44AA-82E1-61D92359AA76}
	EndGlobalSection
EndGlobal
