
Microsoft Visual Studio Solution File, Format Version 12.00
# Visual Studio 15
VisualStudioVersion = 15.0.33801.198
MinimumVisualStudioVersion = 10.0.40219.1
Project("{8BC9CEB8-8B4A-11D0-8D11-00A0C91BC942}") = "arrray", "arrray\arrray.vcxproj", "{BBC0CE78-2A69-47F7-A821-7C0FD328C3A7}"
EndProject
Global
	GlobalSection(SolutionConfigurationPlatforms) = preSolution
		Debug|x64 = Debug|x64
		Debug|x86 = Debug|x86
		Release|x64 = Release|x64
		Release|x86 = Release|x86
	EndGlobalSection
	GlobalSection(ProjectConfigurationPlatforms) = postSolution
		{BBC0CE78-2A69-47F7-A821-7C0FD328C3A7}.Debug|x64.ActiveCfg = Debug|x64
		{BBC0CE78-2A69-47F7-A821-7C0FD328C3A7}.Debug|x64.Build.0 = Debug|x64
		{BBC0CE78-2A69-47F7-A821-7C0FD328C3A7}.Debug|x86.ActiveCfg = Debug|Win32
		{BBC0CE78-2A69-47F7-A821-7C0FD328C3A7}.Debug|x86.Build.0 = Debug|Win32
		{BBC0CE78-2A69-47F7-A821-7C0FD328C3A7}.Release|x64.ActiveCfg = Release|x64
		{BBC0CE78-2A69-47F7-A821-7C0FD328C3A7}.Release|x64.Build.0 = Release|x64
		{BBC0CE78-2A69-47F7-A821-7C0FD328C3A7}.Release|x86.ActiveCfg = Release|Win32
		{BBC0CE78-2A69-47F7-A821-7C0FD328C3A7}.Release|x86.Build.0 = Release|Win32
	EndGlobalSection
	GlobalSection(SolutionProperties) = preSolution
		HideSolutionNode = FALSE
	EndGlobalSection
	GlobalSection(ExtensibilityGlobals) = postSolution
		SolutionGuid = {8FDB47EC-4990-44A9-BE4F-80245C3935DA}
	EndGlobalSection
EndGlobal
